
Microsoft Visual Studio Solution File, Format Version 12.00
# Visual Studio Version 16
VisualStudioVersion = 16.0.30804.86
MinimumVisualStudioVersion = 10.0.40219.1
Project("{FAE04EC0-301F-11D3-BF4B-00C04F79EFBC}") = "AddCustomerProject", "AddCustomerProject\AddCustomerProject.csproj", "{EC1482AB-CB83-4647-9F73-C64D308A7D1A}"
EndProject
Global
	GlobalSection(SolutionConfigurationPlatforms) = preSolution
		Debug|Any CPU = Debug|Any CPU
		Release|Any CPU = Release|Any CPU
	EndGlobalSection
	GlobalSection(ProjectConfigurationPlatforms) = postSolution
		{EC1482AB-CB83-4647-9F73-C64D308A7D1A}.Debug|Any CPU.ActiveCfg = Debug|Any CPU
		{EC1482AB-CB83-4647-9F73-C64D308A7D1A}.Debug|Any CPU.Build.0 = Debug|Any CPU
		{EC1482AB-CB83-4647-9F73-C64D308A7D1A}.Release|Any CPU.ActiveCfg = Release|Any CPU
		{EC1482AB-CB83-4647-9F73-C64D308A7D1A}.Release|Any CPU.Build.0 = Release|Any CPU
	EndGlobalSection
	GlobalSection(SolutionProperties) = preSolution
		HideSolutionNode = FALSE
	EndGlobalSection
	GlobalSection(ExtensibilityGlobals) = postSolution
		SolutionGuid = {CA4B5E30-B144-4872-AED3-171E6992B35C}
	EndGlobalSection
EndGlobal
